
Microsoft Visual Studio Solution File, Format Version 12.00
# Visual Studio Version 17
VisualStudioVersion = 17.9.34728.123
MinimumVisualStudioVersion = 10.0.40219.1
Project("{FAE04EC0-301F-11D3-BF4B-00C04F79EFBC}") = "practical", "practical\practical.csproj", "{608F1702-F243-47CA-B579-FE50DC0F35E5}"
EndProject
Global
	GlobalSection(SolutionConfigurationPlatforms) = preSolution
		Debug|Any CPU = Debug|Any CPU
		Release|Any CPU = Release|Any CPU
	EndGlobalSection
	GlobalSection(ProjectConfigurationPlatforms) = postSolution
		{608F1702-F243-47CA-B579-FE50DC0F35E5}.Debug|Any CPU.ActiveCfg = Debug|Any CPU
		{608F1702-F243-47CA-B579-FE50DC0F35E5}.Debug|Any CPU.Build.0 = Debug|Any CPU
		{608F1702-F243-47CA-B579-FE50DC0F35E5}.Release|Any CPU.ActiveCfg = Release|Any CPU
		{608F1702-F243-47CA-B579-FE50DC0F35E5}.Release|Any CPU.Build.0 = Release|Any CPU
	EndGlobalSection
	GlobalSection(SolutionProperties) = preSolution
		HideSolutionNode = FALSE
	EndGlobalSection
	GlobalSection(ExtensibilityGlobals) = postSolution
		SolutionGuid = {64295D88-FCC7-45E9-8024-E9541DDE256C}
	EndGlobalSection
EndGlobal
